// !$*UTF8*$!
{
	archiveVersion = 1;
	classes = {
	};
	objectVersion = 50;
	objects = {

/* Begin PBXBuildFile section */
		2D3D708021F8D0E90011C7BB /* TextFieldViewConfiguration.swift in Sources */ = {isa = PBXBuildFile; fileRef = 2D3D707F21F8D0E90011C7BB /* TextFieldViewConfiguration.swift */; };
		2D4F0D7921F7CA24005F904D /* Assets.xcassets in Resources */ = {isa = PBXBuildFile; fileRef = 2D4F0D7821F7CA24005F904D /* Assets.xcassets */; };
		2D62EEC021F664880054D3B6 /* Extensions.swift in Sources */ = {isa = PBXBuildFile; fileRef = 2D62EEBF21F664880054D3B6 /* Extensions.swift */; };
		2D62EEC421F66CA30054D3B6 /* Reaction.swift in Sources */ = {isa = PBXBuildFile; fileRef = 2D62EEC321F66CA30054D3B6 /* Reaction.swift */; };
		2D6C1FBC21F3C995003EF423 /* CoreDataManager.swift in Sources */ = {isa = PBXBuildFile; fileRef = 2D6C1FBB21F3C995003EF423 /* CoreDataManager.swift */; };
		2D905EBB21F243B000F54254 /* AppDelegate.swift in Sources */ = {isa = PBXBuildFile; fileRef = 2D905EBA21F243B000F54254 /* AppDelegate.swift */; };
		2D905EBE21F243B100F54254 /* JournalEntry.xcdatamodeld in Sources */ = {isa = PBXBuildFile; fileRef = 2D905EBC21F243B100F54254 /* JournalEntry.xcdatamodeld */; };
		2D905EC021F243B100F54254 /* MasterViewController.swift in Sources */ = {isa = PBXBuildFile; fileRef = 2D905EBF21F243B100F54254 /* MasterViewController.swift */; };
		2D905EC221F243B100F54254 /* DetailViewController.swift in Sources */ = {isa = PBXBuildFile; fileRef = 2D905EC121F243B100F54254 /* DetailViewController.swift */; };
		2D905EC521F243B100F54254 /* Main.storyboard in Resources */ = {isa = PBXBuildFile; fileRef = 2D905EC321F243B100F54254 /* Main.storyboard */; };
		2D905ECA21F243B200F54254 /* LaunchScreen.storyboard in Resources */ = {isa = PBXBuildFile; fileRef = 2D905EC821F243B200F54254 /* LaunchScreen.storyboard */; };
/* End PBXBuildFile section */

/* Begin PBXFileReference section */
		2D3D707F21F8D0E90011C7BB /* TextFieldViewConfiguration.swift */ = {isa = PBXFileReference; lastKnownFileType = sourcecode.swift; path = TextFieldViewConfiguration.swift; sourceTree = "<group>"; };
		2D4F0D7821F7CA24005F904D /* Assets.xcassets */ = {isa = PBXFileReference; lastKnownFileType = folder.assetcatalog; path = Assets.xcassets; sourceTree = "<group>"; };
		2D62EEBF21F664880054D3B6 /* Extensions.swift */ = {isa = PBXFileReference; lastKnownFileType = sourcecode.swift; path = Extensions.swift; sourceTree = "<group>"; };
		2D62EEC321F66CA30054D3B6 /* Reaction.swift */ = {isa = PBXFileReference; lastKnownFileType = sourcecode.swift; path = Reaction.swift; sourceTree = "<group>"; };
		2D6C1FBB21F3C995003EF423 /* CoreDataManager.swift */ = {isa = PBXFileReference; lastKnownFileType = sourcecode.swift; path = CoreDataManager.swift; sourceTree = "<group>"; };
		2D905EB721F243B000F54254 /* Diary App.app */ = {isa = PBXFileReference; explicitFileType = wrapper.application; includeInIndex = 0; path = "Diary App.app"; sourceTree = BUILT_PRODUCTS_DIR; };
		2D905EBA21F243B000F54254 /* AppDelegate.swift */ = {isa = PBXFileReference; lastKnownFileType = sourcecode.swift; path = AppDelegate.swift; sourceTree = "<group>"; };
		2D905EBD21F243B100F54254 /* Diary_App.xcdatamodel */ = {isa = PBXFileReference; lastKnownFileType = wrapper.xcdatamodel; path = Diary_App.xcdatamodel; sourceTree = "<group>"; };
		2D905EBF21F243B100F54254 /* MasterViewController.swift */ = {isa = PBXFileReference; indentWidth = 3; lastKnownFileType = sourcecode.swift; path = MasterViewController.swift; sourceTree = "<group>"; };
		2D905EC121F243B100F54254 /* DetailViewController.swift */ = {isa = PBXFileReference; lastKnownFileType = sourcecode.swift; path = DetailViewController.swift; sourceTree = "<group>"; };
		2D905EC421F243B100F54254 /* Base */ = {isa = PBXFileReference; lastKnownFileType = file.storyboard; name = Base; path = Base.lproj/Main.storyboard; sourceTree = "<group>"; };
		2D905EC921F243B200F54254 /* Base */ = {isa = PBXFileReference; lastKnownFileType = file.storyboard; name = Base; path = Base.lproj/LaunchScreen.storyboard; sourceTree = "<group>"; };
		2D905ECB21F243B200F54254 /* Info.plist */ = {isa = PBXFileReference; lastKnownFileType = text.plist.xml; path = Info.plist; sourceTree = "<group>"; };
/* End PBXFileReference section */

/* Begin PBXFrameworksBuildPhase section */
		2D905EB421F243B000F54254 /* Frameworks */ = {
			isa = PBXFrameworksBuildPhase;
			buildActionMask = 2147483647;
			files = (
			);
			runOnlyForDeploymentPostprocessing = 0;
		};
/* End PBXFrameworksBuildPhase section */

/* Begin PBXGroup section */
		2D62EEC121F6649D0054D3B6 /* Models */ = {
			isa = PBXGroup;
			children = (
				2D6C1FBB21F3C995003EF423 /* CoreDataManager.swift */,
				2D62EEC321F66CA30054D3B6 /* Reaction.swift */,
			);
			path = Models;
			sourceTree = "<group>";
		};
		2D62EEC221F664B00054D3B6 /* Views */ = {
			isa = PBXGroup;
			children = (
				2D905EBF21F243B100F54254 /* MasterViewController.swift */,
				2D905EC121F243B100F54254 /* DetailViewController.swift */,
			);
			path = Views;
			sourceTree = "<group>";
		};
		2D905EAE21F243B000F54254 = {
			isa = PBXGroup;
			children = (
				2D905EB921F243B000F54254 /* Diary App */,
				2D905EB821F243B000F54254 /* Products */,
			);
			sourceTree = "<group>";
		};
		2D905EB821F243B000F54254 /* Products */ = {
			isa = PBXGroup;
			children = (
				2D905EB721F243B000F54254 /* Diary App.app */,
			);
			name = Products;
			sourceTree = "<group>";
		};
		2D905EB921F243B000F54254 /* Diary App */ = {
			isa = PBXGroup;
			children = (
				2D905EBA21F243B000F54254 /* AppDelegate.swift */,
				2D62EEC121F6649D0054D3B6 /* Models */,
				2D62EEC221F664B00054D3B6 /* Views */,
				2D905EC321F243B100F54254 /* Main.storyboard */,
				2D62EEBF21F664880054D3B6 /* Extensions.swift */,
				2D3D707F21F8D0E90011C7BB /* TextFieldViewConfiguration.swift */,
				2D905EC821F243B200F54254 /* LaunchScreen.storyboard */,
				2D905ECB21F243B200F54254 /* Info.plist */,
				2D905EBC21F243B100F54254 /* JournalEntry.xcdatamodeld */,
				2D4F0D7821F7CA24005F904D /* Assets.xcassets */,
			);
			path = "Diary App";
			sourceTree = "<group>";
		};
/* End PBXGroup section */

/* Begin PBXNativeTarget section */
		2D905EB621F243B000F54254 /* Diary App */ = {
			isa = PBXNativeTarget;
			buildConfigurationList = 2D905ECE21F243B200F54254 /* Build configuration list for PBXNativeTarget "Diary App" */;
			buildPhases = (
				2D905EB321F243B000F54254 /* Sources */,
				2D905EB421F243B000F54254 /* Frameworks */,
				2D905EB521F243B000F54254 /* Resources */,
			);
			buildRules = (
			);
			dependencies = (
			);
			name = "Diary App";
			productName = "Diary App";
			productReference = 2D905EB721F243B000F54254 /* Diary App.app */;
			productType = "com.apple.product-type.application";
		};
/* End PBXNativeTarget section */

/* Begin PBXProject section */
		2D905EAF21F243B000F54254 /* Project object */ = {
			isa = PBXProject;
			attributes = {
				LastSwiftUpdateCheck = 1010;
				LastUpgradeCheck = 1010;
				ORGANIZATIONNAME = "Kate Duncan-Welke";
				TargetAttributes = {
					2D905EB621F243B000F54254 = {
						CreatedOnToolsVersion = 10.1;
					};
				};
			};
			buildConfigurationList = 2D905EB221F243B000F54254 /* Build configuration list for PBXProject "Diary App" */;
			compatibilityVersion = "Xcode 9.3";
			developmentRegion = en;
			hasScannedForEncodings = 0;
			knownRegions = (
				en,
				Base,
			);
			mainGroup = 2D905EAE21F243B000F54254;
			productRefGroup = 2D905EB821F243B000F54254 /* Products */;
			projectDirPath = "";
			projectRoot = "";
			targets = (
				2D905EB621F243B000F54254 /* Diary App */,
			);
		};
/* End PBXProject section */

/* Begin PBXResourcesBuildPhase section */
		2D905EB521F243B000F54254 /* Resources */ = {
			isa = PBXResourcesBuildPhase;
			buildActionMask = 2147483647;
			files = (
				2D905ECA21F243B200F54254 /* LaunchScreen.storyboard in Resources */,
				2D4F0D7921F7CA24005F904D /* Assets.xcassets in Resources */,
				2D905EC521F243B100F54254 /* Main.storyboard in Resources */,
			);
			runOnlyForDeploymentPostprocessing = 0;
		};
/* End PBXResourcesBuildPhase section */

/* Begin PBXSourcesBuildPhase section */
		2D905EB321F243B000F54254 /* Sources */ = {
			isa = PBXSourcesBuildPhase;
			buildActionMask = 2147483647;
			files = (
				2D3D708021F8D0E90011C7BB /* TextFieldViewConfiguration.swift in Sources */,
				2D905EBB21F243B000F54254 /* AppDelegate.swift in Sources */,
				2D62EEC021F664880054D3B6 /* Extensions.swift in Sources */,
				2D905EBE21F243B100F54254 /* JournalEntry.xcdatamodeld in Sources */,
				2D905EC021F243B100F54254 /* MasterViewController.swift in Sources */,
				2D6C1FBC21F3C995003EF423 /* CoreDataManager.swift in Sources */,
				2D62EEC421F66CA30054D3B6 /* Reaction.swift in Sources */,
				2D905EC221F243B100F54254 /* DetailViewController.swift in Sources */,
			);
			runOnlyForDeploymentPostprocessing = 0;
		};
/* End PBXSourcesBuildPhase section */

/* Begin PBXVariantGroup section */
		2D905EC321F243B100F54254 /* Main.storyboard */ = {
			isa = PBXVariantGroup;
			children = (
				2D905EC421F243B100F54254 /* Base */,
			);
			name = Main.storyboard;
			sourceTree = "<group>";
		};
		2D905EC821F243B200F54254 /* LaunchScreen.storyboard */ = {
			isa = PBXVariantGroup;
			children = (
				2D905EC921F243B200F54254 /* Base */,
			);
			name = LaunchScreen.storyboard;
			sourceTree = "<group>";
		};
/* End PBXVariantGroup section */

/* Begin XCBuildConfiguration section */
		2D905ECC21F243B200F54254 /* Debug */ = {
			isa = XCBuildConfiguration;
			buildSettings = {
				ALWAYS_SEARCH_USER_PATHS = NO;
				CLANG_ANALYZER_NONNULL = YES;
				CLANG_ANALYZER_NUMBER_OBJECT_CONVERSION = YES_AGGRESSIVE;
				CLANG_CXX_LANGUAGE_STANDARD = "gnu++14";
				CLANG_CXX_LIBRARY = "libc++";
				CLANG_ENABLE_MODULES = YES;
				CLANG_ENABLE_OBJC_ARC = YES;
				CLANG_ENABLE_OBJC_WEAK = YES;
				CLANG_WARN_BLOCK_CAPTURE_AUTORELEASING = YES;
				CLANG_WARN_BOOL_CONVERSION = YES;
				CLANG_WARN_COMMA = YES;
				CLANG_WARN_CONSTANT_CONVERSION = YES;
				CLANG_WARN_DEPRECATED_OBJC_IMPLEMENTATIONS = YES;
				CLANG_WARN_DIRECT_OBJC_ISA_USAGE = YES_ERROR;
				CLANG_WARN_DOCUMENTATION_COMMENTS = YES;
				CLANG_WARN_EMPTY_BODY = YES;
				CLANG_WARN_ENUM_CONVERSION = YES;
				CLANG_WARN_INFINITE_RECURSION = YES;
				CLANG_WARN_INT_CONVERSION = YES;
				CLANG_WARN_NON_LITERAL_NULL_CONVERSION = YES;
				CLANG_WARN_OBJC_IMPLICIT_RETAIN_SELF = YES;
				CLANG_WARN_OBJC_LITERAL_CONVERSION = YES;
				CLANG_WARN_OBJC_ROOT_CLASS = YES_ERROR;
				CLANG_WARN_RANGE_LOOP_ANALYSIS = YES;
				CLANG_WARN_STRICT_PROTOTYPES = YES;
				CLANG_WARN_SUSPICIOUS_MOVE = YES;
				CLANG_WARN_UNGUARDED_AVAILABILITY = YES_AGGRESSIVE;
				CLANG_WARN_UNREACHABLE_CODE = YES;
				CLANG_WARN__DUPLICATE_METHOD_MATCH = YES;
				CODE_SIGN_IDENTITY = "iPhone Developer";
				COPY_PHASE_STRIP = NO;
				DEBUG_INFORMATION_FORMAT = dwarf;
				ENABLE_STRICT_OBJC_MSGSEND = YES;
				ENABLE_TESTABILITY = YES;
				GCC_C_LANGUAGE_STANDARD = gnu11;
				GCC_DYNAMIC_NO_PIC = NO;
				GCC_NO_COMMON_BLOCKS = YES;
				GCC_OPTIMIZATION_LEVEL = 0;
				GCC_PREPROCESSOR_DEFINITIONS = (
					"DEBUG=1",
					"$(inherited)",
				);
				GCC_WARN_64_TO_32_BIT_CONVERSION = YES;
				GCC_WARN_ABOUT_RETURN_TYPE = YES_ERROR;
				GCC_WARN_UNDECLARED_SELECTOR = YES;
				GCC_WARN_UNINITIALIZED_AUTOS = YES_AGGRESSIVE;
				GCC_WARN_UNUSED_FUNCTION = YES;
				GCC_WARN_UNUSED_VARIABLE = YES;
				IPHONEOS_DEPLOYMENT_TARGET = 12.1;
				MTL_ENABLE_DEBUG_INFO = INCLUDE_SOURCE;
				MTL_FAST_MATH = YES;
				ONLY_ACTIVE_ARCH = YES;
				SDKROOT = iphoneos;
				SWIFT_ACTIVE_COMPILATION_CONDITIONS = DEBUG;
				SWIFT_OPTIMIZATION_LEVEL = "-Onone";
			};
			name = Debug;
		};
		2D905ECD21F243B200F54254 /* Release */ = {
			isa = XCBuildConfiguration;
			buildSettings = {
				ALWAYS_SEARCH_USER_PATHS = NO;
				CLANG_ANALYZER_NONNULL = YES;
				CLANG_ANALYZER_NUMBER_OBJECT_CONVERSION = YES_AGGRESSIVE;
				CLANG_CXX_LANGUAGE_STANDARD = "gnu++14";
				CLANG_CXX_LIBRARY = "libc++";
				CLANG_ENABLE_MODULES = YES;
				CLANG_ENABLE_OBJC_ARC = YES;
				CLANG_ENABLE_OBJC_WEAK = YES;
				CLANG_WARN_BLOCK_CAPTURE_AUTORELEASING = YES;
				CLANG_WARN_BOOL_CONVERSION = YES;
				CLANG_WARN_COMMA = YES;
				CLANG_WARN_CONSTANT_CONVERSION = YES;
				CLANG_WARN_DEPRECATED_OBJC_IMPLEMENTATIONS = YES;
				CLANG_WARN_DIRECT_OBJC_ISA_USAGE = YES_ERROR;
				CLANG_WARN_DOCUMENTATION_COMMENTS = YES;
				CLANG_WARN_EMPTY_BODY = YES;
				CLANG_WARN_ENUM_CONVERSION = YES;
				CLANG_WARN_INFINITE_RECURSION = YES;
				CLANG_WARN_INT_CONVERSION = YES;
				CLANG_WARN_NON_LITERAL_NULL_CONVERSION = YES;
				CLANG_WARN_OBJC_IMPLICIT_RETAIN_SELF = YES;
				CLANG_WARN_OBJC_LITERAL_CONVERSION = YES;
				CLANG_WARN_OBJC_ROOT_CLASS = YES_ERROR;
				CLANG_WARN_RANGE_LOOP_ANALYSIS = YES;
				CLANG_WARN_STRICT_PROTOTYPES = YES;
				CLANG_WARN_SUSPICIOUS_MOVE = YES;
				CLANG_WARN_UNGUARDED_AVAILABILITY = YES_AGGRESSIVE;
				CLANG_WARN_UNREACHABLE_CODE = YES;
				CLANG_WARN__DUPLICATE_METHOD_MATCH = YES;
				CODE_SIGN_IDENTITY = "iPhone Developer";
				COPY_PHASE_STRIP = NO;
				DEBUG_INFORMATION_FORMAT = "dwarf-with-dsym";
				ENABLE_NS_ASSERTIONS = NO;
				ENABLE_STRICT_OBJC_MSGSEND = YES;
				GCC_C_LANGUAGE_STANDARD = gnu11;
				GCC_NO_COMMON_BLOCKS = YES;
				GCC_WARN_64_TO_32_BIT_CONVERSION = YES;
				GCC_WARN_ABOUT_RETURN_TYPE = YES_ERROR;
				GCC_WARN_UNDECLARED_SELECTOR = YES;
				GCC_WARN_UNINITIALIZED_AUTOS = YES_AGGRESSIVE;
				GCC_WARN_UNUSED_FUNCTION = YES;
				GCC_WARN_UNUSED_VARIABLE = YES;
				IPHONEOS_DEPLOYMENT_TARGET = 12.1;
				MTL_ENABLE_DEBUG_INFO = NO;
				MTL_FAST_MATH = YES;
				SDKROOT = iphoneos;
				SWIFT_COMPILATION_MODE = wholemodule;
				SWIFT_OPTIMIZATION_LEVEL = "-O";
				VALIDATE_PRODUCT = YES;
			};
			name = Release;
		};
		2D905ECF21F243B200F54254 /* Debug */ = {
			isa = XCBuildConfiguration;
			buildSettings = {
				ASSETCATALOG_COMPILER_APPICON_NAME = AppIcon;
				CODE_SIGN_STYLE = Automatic;
				DEVELOPMENT_TEAM = A8R365GJ52;
				INFOPLIST_FILE = "Diary App/Info.plist";
				LD_RUNPATH_SEARCH_PATHS = (
					"$(inherited)",
					"@executable_path/Frameworks",
				);
				PRODUCT_BUNDLE_IDENTIFIER = "com.example.Diary-App";
				PRODUCT_NAME = "$(TARGET_NAME)";
				SWIFT_VERSION = 4.2;
				TARGETED_DEVICE_FAMILY = "1,2";
			};
			name = Debug;
		};
		2D905ED021F243B200F54254 /* Release */ = {
			isa = XCBuildConfiguration;
			buildSettings = {
				ASSETCATALOG_COMPILER_APPICON_NAME = AppIcon;
				CODE_SIGN_STYLE = Automatic;
				DEVELOPMENT_TEAM = A8R365GJ52;
				INFOPLIST_FILE = "Diary App/Info.plist";
				LD_RUNPATH_SEARCH_PATHS = (
					"$(inherited)",
					"@executable_path/Frameworks",
				);
				PRODUCT_BUNDLE_IDENTIFIER = "com.example.Diary-App";
				PRODUCT_NAME = "$(TARGET_NAME)";
				SWIFT_VERSION = 4.2;
				TARGETED_DEVICE_FAMILY = "1,2";
			};
			name = Release;
		};
/* End XCBuildConfiguration section */

/* Begin XCConfigurationList section */
		2D905EB221F243B000F54254 /* Build configuration list for PBXProject "Diary App" */ = {
			isa = XCConfigurationList;
			buildConfigurations = (
				2D905ECC21F243B200F54254 /* Debug */,
				2D905ECD21F243B200F54254 /* Release */,
			);
			defaultConfigurationIsVisible = 0;
			defaultConfigurationName = Release;
		};
		2D905ECE21F243B200F54254 /* Build configuration list for PBXNativeTarget "Diary App" */ = {
			isa = XCConfigurationList;
			buildConfigurations = (
				2D905ECF21F243B200F54254 /* Debug */,
				2D905ED021F243B200F54254 /* Release */,
			);
			defaultConfigurationIsVisible = 0;
			defaultConfigurationName = Release;
		};
/* End XCConfigurationList section */

/* Begin XCVersionGroup section */
		2D905EBC21F243B100F54254 /* JournalEntry.xcdatamodeld */ = {
			isa = XCVersionGroup;
			children = (
				2D905EBD21F243B100F54254 /* Diary_App.xcdatamodel */,
			);
			currentVersion = 2D905EBD21F243B100F54254 /* Diary_App.xcdatamodel */;
			path = JournalEntry.xcdatamodeld;
			sourceTree = "<group>";
			versionGroupType = wrapper.xcdatamodel;
		};
/* End XCVersionGroup section */
	};
	rootObject = 2D905EAF21F243B000F54254 /* Project object */;
}
